// !$*UTF8*$!
{
	archiveVersion = 1;
	classes = {
	};
	objectVersion = 46;
	objects = {

/* Begin PBXBuildFile section */
		F76214C41A38B554001BD37D /* AppDelegate.swift in Sources */ = {isa = PBXBuildFile; fileRef = F76214C31A38B554001BD37D /* AppDelegate.swift */; };
		F76214C61A38B554001BD37D /* ViewController.swift in Sources */ = {isa = PBXBuildFile; fileRef = F76214C51A38B554001BD37D /* ViewController.swift */; };
		F76214C91A38B555001BD37D /* Main.storyboard in Resources */ = {isa = PBXBuildFile; fileRef = F76214C71A38B555001BD37D /* Main.storyboard */; };
		F76214CB1A38B555001BD37D /* Images.xcassets in Resources */ = {isa = PBXBuildFile; fileRef = F76214CA1A38B555001BD37D /* Images.xcassets */; };
		F76214CE1A38B555001BD37D /* LaunchScreen.xib in Resources */ = {isa = PBXBuildFile; fileRef = F76214CC1A38B555001BD37D /* LaunchScreen.xib */; };
		F76214DA1A38B555001BD37D /* AskTheWorldTests.swift in Sources */ = {isa = PBXBuildFile; fileRef = F76214D91A38B555001BD37D /* AskTheWorldTests.swift */; };
		F76214E41A38C13F001BD37D /* LoginViewController.swift in Sources */ = {isa = PBXBuildFile; fileRef = F76214E31A38C13F001BD37D /* LoginViewController.swift */; };
		F76214E61A38C349001BD37D /* RegisterViewController.swift in Sources */ = {isa = PBXBuildFile; fileRef = F76214E51A38C349001BD37D /* RegisterViewController.swift */; };
/* End PBXBuildFile section */

/* Begin PBXContainerItemProxy section */
		F76214D41A38B555001BD37D /* PBXContainerItemProxy */ = {
			isa = PBXContainerItemProxy;
			containerPortal = F76214B61A38B554001BD37D /* Project object */;
			proxyType = 1;
			remoteGlobalIDString = F76214BD1A38B554001BD37D;
			remoteInfo = AskTheWorld;
		};
/* End PBXContainerItemProxy section */

/* Begin PBXFileReference section */
		F76214BE1A38B554001BD37D /* AskTheWorld.app */ = {isa = PBXFileReference; explicitFileType = wrapper.application; includeInIndex = 0; path = AskTheWorld.app; sourceTree = BUILT_PRODUCTS_DIR; };
		F76214C21A38B554001BD37D /* Info.plist */ = {isa = PBXFileReference; lastKnownFileType = text.plist.xml; path = Info.plist; sourceTree = "<group>"; };
		F76214C31A38B554001BD37D /* AppDelegate.swift */ = {isa = PBXFileReference; lastKnownFileType = sourcecode.swift; path = AppDelegate.swift; sourceTree = "<group>"; };
		F76214C51A38B554001BD37D /* ViewController.swift */ = {isa = PBXFileReference; lastKnownFileType = sourcecode.swift; path = ViewController.swift; sourceTree = "<group>"; };
		F76214C81A38B555001BD37D /* Base */ = {isa = PBXFileReference; lastKnownFileType = file.storyboard; name = Base; path = Base.lproj/Main.storyboard; sourceTree = "<group>"; };
		F76214CA1A38B555001BD37D /* Images.xcassets */ = {isa = PBXFileReference; lastKnownFileType = folder.assetcatalog; path = Images.xcassets; sourceTree = "<group>"; };
		F76214CD1A38B555001BD37D /* Base */ = {isa = PBXFileReference; lastKnownFileType = file.xib; name = Base; path = Base.lproj/LaunchScreen.xib; sourceTree = "<group>"; };
		F76214D31A38B555001BD37D /* AskTheWorldTests.xctest */ = {isa = PBXFileReference; explicitFileType = wrapper.cfbundle; includeInIndex = 0; path = AskTheWorldTests.xctest; sourceTree = BUILT_PRODUCTS_DIR; };
		F76214D81A38B555001BD37D /* Info.plist */ = {isa = PBXFileReference; lastKnownFileType = text.plist.xml; path = Info.plist; sourceTree = "<group>"; };
		F76214D91A38B555001BD37D /* AskTheWorldTests.swift */ = {isa = PBXFileReference; lastKnownFileType = sourcecode.swift; path = AskTheWorldTests.swift; sourceTree = "<group>"; };
		F76214E31A38C13F001BD37D /* LoginViewController.swift */ = {isa = PBXFileReference; fileEncoding = 4; lastKnownFileType = sourcecode.swift; path = LoginViewController.swift; sourceTree = "<group>"; };
		F76214E51A38C349001BD37D /* RegisterViewController.swift */ = {isa = PBXFileReference; fileEncoding = 4; lastKnownFileType = sourcecode.swift; path = RegisterViewController.swift; sourceTree = "<group>"; };
/* End PBXFileReference section */

/* Begin PBXFrameworksBuildPhase section */
		F76214BB1A38B554001BD37D /* Frameworks */ = {
			isa = PBXFrameworksBuildPhase;
			buildActionMask = 2147483647;
			files = (
			);
			runOnlyForDeploymentPostprocessing = 0;
		};
		F76214D01A38B555001BD37D /* Frameworks */ = {
			isa = PBXFrameworksBuildPhase;
			buildActionMask = 2147483647;
			files = (
			);
			runOnlyForDeploymentPostprocessing = 0;
		};
/* End PBXFrameworksBuildPhase section */

/* Begin PBXGroup section */
		F76214B51A38B554001BD37D = {
			isa = PBXGroup;
			children = (
				F76214C01A38B554001BD37D /* AskTheWorld */,
				F76214D61A38B555001BD37D /* AskTheWorldTests */,
				F76214BF1A38B554001BD37D /* Products */,
			);
			sourceTree = "<group>";
		};
		F76214BF1A38B554001BD37D /* Products */ = {
			isa = PBXGroup;
			children = (
				F76214BE1A38B554001BD37D /* AskTheWorld.app */,
				F76214D31A38B555001BD37D /* AskTheWorldTests.xctest */,
			);
			name = Products;
			sourceTree = "<group>";
		};
		F76214C01A38B554001BD37D /* AskTheWorld */ = {
			isa = PBXGroup;
			children = (
				F76214C31A38B554001BD37D /* AppDelegate.swift */,
				F76214C51A38B554001BD37D /* ViewController.swift */,
				F76214C71A38B555001BD37D /* Main.storyboard */,
				F76214CA1A38B555001BD37D /* Images.xcassets */,
				F76214CC1A38B555001BD37D /* LaunchScreen.xib */,
				F76214C11A38B554001BD37D /* Supporting Files */,
				F76214E31A38C13F001BD37D /* LoginViewController.swift */,
				F76214E51A38C349001BD37D /* RegisterViewController.swift */,
			);
			path = AskTheWorld;
			sourceTree = "<group>";
		};
		F76214C11A38B554001BD37D /* Supporting Files */ = {
			isa = PBXGroup;
			children = (
				F76214C21A38B554001BD37D /* Info.plist */,
			);
			name = "Supporting Files";
			sourceTree = "<group>";
		};
		F76214D61A38B555001BD37D /* AskTheWorldTests */ = {
			isa = PBXGroup;
			children = (
				F76214D91A38B555001BD37D /* AskTheWorldTests.swift */,
				F76214D71A38B555001BD37D /* Supporting Files */,
			);
			path = AskTheWorldTests;
			sourceTree = "<group>";
		};
		F76214D71A38B555001BD37D /* Supporting Files */ = {
			isa = PBXGroup;
			children = (
				F76214D81A38B555001BD37D /* Info.plist */,
			);
			name = "Supporting Files";
			sourceTree = "<group>";
		};
/* End PBXGroup section */

/* Begin PBXNativeTarget section */
		F76214BD1A38B554001BD37D /* AskTheWorld */ = {
			isa = PBXNativeTarget;
			buildConfigurationList = F76214DD1A38B555001BD37D /* Build configuration list for PBXNativeTarget "AskTheWorld" */;
			buildPhases = (
				F76214BA1A38B554001BD37D /* Sources */,
				F76214BB1A38B554001BD37D /* Frameworks */,
				F76214BC1A38B554001BD37D /* Resources */,
			);
			buildRules = (
			);
			dependencies = (
			);
			name = AskTheWorld;
			productName = AskTheWorld;
			productReference = F76214BE1A38B554001BD37D /* AskTheWorld.app */;
			productType = "com.apple.product-type.application";
		};
		F76214D21A38B555001BD37D /* AskTheWorldTests */ = {
			isa = PBXNativeTarget;
			buildConfigurationList = F76214E01A38B555001BD37D /* Build configuration list for PBXNativeTarget "AskTheWorldTests" */;
			buildPhases = (
				F76214CF1A38B555001BD37D /* Sources */,
				F76214D01A38B555001BD37D /* Frameworks */,
				F76214D11A38B555001BD37D /* Resources */,
			);
			buildRules = (
			);
			dependencies = (
				F76214D51A38B555001BD37D /* PBXTargetDependency */,
			);
			name = AskTheWorldTests;
			productName = AskTheWorldTests;
			productReference = F76214D31A38B555001BD37D /* AskTheWorldTests.xctest */;
			productType = "com.apple.product-type.bundle.unit-test";
		};
/* End PBXNativeTarget section */

/* Begin PBXProject section */
		F76214B61A38B554001BD37D /* Project object */ = {
			isa = PBXProject;
			attributes = {
				LastUpgradeCheck = 0610;
				ORGANIZATIONNAME = "Oleg Burakov";
				TargetAttributes = {
					F76214BD1A38B554001BD37D = {
						CreatedOnToolsVersion = 6.1.1;
					};
					F76214D21A38B555001BD37D = {
						CreatedOnToolsVersion = 6.1.1;
						TestTargetID = F76214BD1A38B554001BD37D;
					};
				};
			};
			buildConfigurationList = F76214B91A38B554001BD37D /* Build configuration list for PBXProject "AskTheWorld" */;
			compatibilityVersion = "Xcode 3.2";
			developmentRegion = English;
			hasScannedForEncodings = 0;
			knownRegions = (
				en,
				Base,
			);
			mainGroup = F76214B51A38B554001BD37D;
			productRefGroup = F76214BF1A38B554001BD37D /* Products */;
			projectDirPath = "";
			projectRoot = "";
			targets = (
				F76214BD1A38B554001BD37D /* AskTheWorld */,
				F76214D21A38B555001BD37D /* AskTheWorldTests */,
			);
		};
/* End PBXProject section */

/* Begin PBXResourcesBuildPhase section */
		F76214BC1A38B554001BD37D /* Resources */ = {
			isa = PBXResourcesBuildPhase;
			buildActionMask = 2147483647;
			files = (
				F76214C91A38B555001BD37D /* Main.storyboard in Resources */,
				F76214CE1A38B555001BD37D /* LaunchScreen.xib in Resources */,
				F76214CB1A38B555001BD37D /* Images.xcassets in Resources */,
			);
			runOnlyForDeploymentPostprocessing = 0;
		};
		F76214D11A38B555001BD37D /* Resources */ = {
			isa = PBXResourcesBuildPhase;
			buildActionMask = 2147483647;
			files = (
			);
			runOnlyForDeploymentPostprocessing = 0;
		};
/* End PBXResourcesBuildPhase section */

/* Begin PBXSourcesBuildPhase section */
		F76214BA1A38B554001BD37D /* Sources */ = {
			isa = PBXSourcesBuildPhase;
			buildActionMask = 2147483647;
			files = (
				F76214E41A38C13F001BD37D /* LoginViewController.swift in Sources */,
				F76214C61A38B554001BD37D /* ViewController.swift in Sources */,
				F76214C41A38B554001BD37D /* AppDelegate.swift in Sources */,
				F76214E61A38C349001BD37D /* RegisterViewController.swift in Sources */,
			);
			runOnlyForDeploymentPostprocessing = 0;
		};
		F76214CF1A38B555001BD37D /* Sources */ = {
			isa = PBXSourcesBuildPhase;
			buildActionMask = 2147483647;
			files = (
				F76214DA1A38B555001BD37D /* AskTheWorldTests.swift in Sources */,
			);
			runOnlyForDeploymentPostprocessing = 0;
		};
/* End PBXSourcesBuildPhase section */

/* Begin PBXTargetDependency section */
		F76214D51A38B555001BD37D /* PBXTargetDependency */ = {
			isa = PBXTargetDependency;
			target = F76214BD1A38B554001BD37D /* AskTheWorld */;
			targetProxy = F76214D41A38B555001BD37D /* PBXContainerItemProxy */;
		};
/* End PBXTargetDependency section */

/* Begin PBXVariantGroup section */
		F76214C71A38B555001BD37D /* Main.storyboard */ = {
			isa = PBXVariantGroup;
			children = (
				F76214C81A38B555001BD37D /* Base */,
			);
			name = Main.storyboard;
			sourceTree = "<group>";
		};
		F76214CC1A38B555001BD37D /* LaunchScreen.xib */ = {
			isa = PBXVariantGroup;
			children = (
				F76214CD1A38B555001BD37D /* Base */,
			);
			name = LaunchScreen.xib;
			sourceTree = "<group>";
		};
/* End PBXVariantGroup section */

/* Begin XCBuildConfiguration section */
		F76214DB1A38B555001BD37D /* Debug */ = {
			isa = XCBuildConfiguration;
			buildSettings = {
				ALWAYS_SEARCH_USER_PATHS = NO;
				CLANG_CXX_LANGUAGE_STANDARD = "gnu++0x";
				CLANG_CXX_LIBRARY = "libc++";
				CLANG_ENABLE_MODULES = YES;
				CLANG_ENABLE_OBJC_ARC = YES;
				CLANG_WARN_BOOL_CONVERSION = YES;
				CLANG_WARN_CONSTANT_CONVERSION = YES;
				CLANG_WARN_DIRECT_OBJC_ISA_USAGE = YES_ERROR;
				CLANG_WARN_EMPTY_BODY = YES;
				CLANG_WARN_ENUM_CONVERSION = YES;
				CLANG_WARN_INT_CONVERSION = YES;
				CLANG_WARN_OBJC_ROOT_CLASS = YES_ERROR;
				CLANG_WARN_UNREACHABLE_CODE = YES;
				CLANG_WARN__DUPLICATE_METHOD_MATCH = YES;
				"CODE_SIGN_IDENTITY[sdk=iphoneos*]" = "iPhone Developer";
				COPY_PHASE_STRIP = NO;
				ENABLE_STRICT_OBJC_MSGSEND = YES;
				GCC_C_LANGUAGE_STANDARD = gnu99;
				GCC_DYNAMIC_NO_PIC = NO;
				GCC_OPTIMIZATION_LEVEL = 0;
				GCC_PREPROCESSOR_DEFINITIONS = (
					"DEBUG=1",
					"$(inherited)",
				);
				GCC_SYMBOLS_PRIVATE_EXTERN = NO;
				GCC_WARN_64_TO_32_BIT_CONVERSION = YES;
				GCC_WARN_ABOUT_RETURN_TYPE = YES_ERROR;
				GCC_WARN_UNDECLARED_SELECTOR = YES;
				GCC_WARN_UNINITIALIZED_AUTOS = YES_AGGRESSIVE;
				GCC_WARN_UNUSED_FUNCTION = YES;
				GCC_WARN_UNUSED_VARIABLE = YES;
				IPHONEOS_DEPLOYMENT_TARGET = 8.1;
				MTL_ENABLE_DEBUG_INFO = YES;
				ONLY_ACTIVE_ARCH = YES;
				SDKROOT = iphoneos;
				SWIFT_OPTIMIZATION_LEVEL = "-Onone";
			};
			name = Debug;
		};
		F76214DC1A38B555001BD37D /* Release */ = {
			isa = XCBuildConfiguration;
			buildSettings = {
				ALWAYS_SEARCH_USER_PATHS = NO;
				CLANG_CXX_LANGUAGE_STANDARD = "gnu++0x";
				CLANG_CXX_LIBRARY = "libc++";
				CLANG_ENABLE_MODULES = YES;
				CLANG_ENABLE_OBJC_ARC = YES;
				CLANG_WARN_BOOL_CONVERSION = YES;
				CLANG_WARN_CONSTANT_CONVERSION = YES;
				CLANG_WARN_DIRECT_OBJC_ISA_USAGE = YES_ERROR;
				CLANG_WARN_EMPTY_BODY = YES;
				CLANG_WARN_ENUM_CONVERSION = YES;
				CLANG_WARN_INT_CONVERSION = YES;
				CLANG_WARN_OBJC_ROOT_CLASS = YES_ERROR;
				CLANG_WARN_UNREACHABLE_CODE = YES;
				CLANG_WARN__DUPLICATE_METHOD_MATCH = YES;
				"CODE_SIGN_IDENTITY[sdk=iphoneos*]" = "iPhone Developer";
				COPY_PHASE_STRIP = YES;
				ENABLE_NS_ASSERTIONS = NO;
				ENABLE_STRICT_OBJC_MSGSEND = YES;
				GCC_C_LANGUAGE_STANDARD = gnu99;
				GCC_WARN_64_TO_32_BIT_CONVERSION = YES;
				GCC_WARN_ABOUT_RETURN_TYPE = YES_ERROR;
				GCC_WARN_UNDECLARED_SELECTOR = YES;
				GCC_WARN_UNINITIALIZED_AUTOS = YES_AGGRESSIVE;
				GCC_WARN_UNUSED_FUNCTION = YES;
				GCC_WARN_UNUSED_VARIABLE = YES;
				IPHONEOS_DEPLOYMENT_TARGET = 8.1;
				MTL_ENABLE_DEBUG_INFO = NO;
				SDKROOT = iphoneos;
				VALIDATE_PRODUCT = YES;
			};
			name = Release;
		};
		F76214DE1A38B555001BD37D /* Debug */ = {
			isa = XCBuildConfiguration;
			buildSettings = {
				ASSETCATALOG_COMPILER_APPICON_NAME = AppIcon;
				INFOPLIST_FILE = AskTheWorld/Info.plist;
				LD_RUNPATH_SEARCH_PATHS = "$(inherited) @executable_path/Frameworks";
				PRODUCT_NAME = "$(TARGET_NAME)";
			};
			name = Debug;
		};
		F76214DF1A38B555001BD37D /* Release */ = {
			isa = XCBuildConfiguration;
			buildSettings = {
				ASSETCATALOG_COMPILER_APPICON_NAME = AppIcon;
				INFOPLIST_FILE = AskTheWorld/Info.plist;
				LD_RUNPATH_SEARCH_PATHS = "$(inherited) @executable_path/Frameworks";
				PRODUCT_NAME = "$(TARGET_NAME)";
			};
			name = Release;
		};
		F76214E11A38B555001BD37D /* Debug */ = {
			isa = XCBuildConfiguration;
			buildSettings = {
				BUNDLE_LOADER = "$(TEST_HOST)";
				FRAMEWORK_SEARCH_PATHS = (
					"$(SDKROOT)/Developer/Library/Frameworks",
					"$(inherited)",
				);
				GCC_PREPROCESSOR_DEFINITIONS = (
					"DEBUG=1",
					"$(inherited)",
				);
				INFOPLIST_FILE = AskTheWorldTests/Info.plist;
				LD_RUNPATH_SEARCH_PATHS = "$(inherited) @executable_path/Frameworks @loader_path/Frameworks";
				PRODUCT_NAME = "$(TARGET_NAME)";
				TEST_HOST = "$(BUILT_PRODUCTS_DIR)/AskTheWorld.app/AskTheWorld";
			};
			name = Debug;
		};
		F76214E21A38B555001BD37D /* Release */ = {
			isa = XCBuildConfiguration;
			buildSettings = {
				BUNDLE_LOADER = "$(TEST_HOST)";
				FRAMEWORK_SEARCH_PATHS = (
					"$(SDKROOT)/Developer/Library/Frameworks",
					"$(inherited)",
				);
				INFOPLIST_FILE = AskTheWorldTests/Info.plist;
				LD_RUNPATH_SEARCH_PATHS = "$(inherited) @executable_path/Frameworks @loader_path/Frameworks";
				PRODUCT_NAME = "$(TARGET_NAME)";
				TEST_HOST = "$(BUILT_PRODUCTS_DIR)/AskTheWorld.app/AskTheWorld";
			};
			name = Release;
		};
/* End XCBuildConfiguration section */

/* Begin XCConfigurationList section */
		F76214B91A38B554001BD37D /* Build configuration list for PBXProject "AskTheWorld" */ = {
			isa = XCConfigurationList;
			buildConfigurations = (
				F76214DB1A38B555001BD37D /* Debug */,
				F76214DC1A38B555001BD37D /* Release */,
			);
			defaultConfigurationIsVisible = 0;
			defaultConfigurationName = Release;
		};
		F76214DD1A38B555001BD37D /* Build configuration list for PBXNativeTarget "AskTheWorld" */ = {
			isa = XCConfigurationList;
			buildConfigurations = (
				F76214DE1A38B555001BD37D /* Debug */,
				F76214DF1A38B555001BD37D /* Release */,
			);
			defaultConfigurationIsVisible = 0;
		};
		F76214E01A38B555001BD37D /* Build configuration list for PBXNativeTarget "AskTheWorldTests" */ = {
			isa = XCConfigurationList;
			buildConfigurations = (
				F76214E11A38B555001BD37D /* Debug */,
				F76214E21A38B555001BD37D /* Release */,
			);
			defaultConfigurationIsVisible = 0;
		};
/* End XCConfigurationList section */
	};
	rootObject = F76214B61A38B554001BD37D /* Project object */;
}
